
Microsoft Visual Studio Solution File, Format Version 12.00
# Visual Studio 15
VisualStudioVersion = 15.0.26730.16
MinimumVisualStudioVersion = 10.0.40219.1
Project("{FAE04EC0-301F-11D3-BF4B-00C04F79EFBC}") = "BattousaiSqlDataAccess", "BattousaiSqlDataAccess\BattousaiSqlDataAccess.csproj", "{FF166180-D007-456E-8267-466E8A0136EB}"
EndProject
Global
	GlobalSection(SolutionConfigurationPlatforms) = preSolution
		Debug|Any CPU = Debug|Any CPU
		Release|Any CPU = Release|Any CPU
	EndGlobalSection
	GlobalSection(ProjectConfigurationPlatforms) = postSolution
		{FF166180-D007-456E-8267-466E8A0136EB}.Debug|Any CPU.ActiveCfg = Debug|Any CPU
		{FF166180-D007-456E-8267-466E8A0136EB}.Debug|Any CPU.Build.0 = Debug|Any CPU
		{FF166180-D007-456E-8267-466E8A0136EB}.Release|Any CPU.ActiveCfg = Release|Any CPU
		{FF166180-D007-456E-8267-466E8A0136EB}.Release|Any CPU.Build.0 = Release|Any CPU
	EndGlobalSection
	GlobalSection(SolutionProperties) = preSolution
		HideSolutionNode = FALSE
	EndGlobalSection
	GlobalSection(ExtensibilityGlobals) = postSolution
		SolutionGuid = {D784636D-0629-4207-9931-6A39DC59E72D}
	EndGlobalSection
EndGlobal
